// !$*UTF8*$!
{
	archiveVersion = 1;
	classes = {
	};
	objectVersion = 50;
	objects = {

/* Begin PBXBuildFile section */
		CF5E4E03239D6A2300BD4F4E /* main.swift in Sources */ = {isa = PBXBuildFile; fileRef = CF5E4E02239D6A2300BD4F4E /* main.swift */; };
		CF5E4E12239D6E6A00BD4F4E /* ChopTest.swift in Sources */ = {isa = PBXBuildFile; fileRef = CF5E4E11239D6E6A00BD4F4E /* ChopTest.swift */; };
		CF5E4E18239D72C700BD4F4E /* chopper.swift in Sources */ = {isa = PBXBuildFile; fileRef = CF5E4E17239D72C700BD4F4E /* chopper.swift */; };
		CF5E4E19239D72C700BD4F4E /* chopper.swift in Sources */ = {isa = PBXBuildFile; fileRef = CF5E4E17239D72C700BD4F4E /* chopper.swift */; };
/* End PBXBuildFile section */

/* Begin PBXCopyFilesBuildPhase section */
		CF5E4DFD239D6A2300BD4F4E /* CopyFiles */ = {
			isa = PBXCopyFilesBuildPhase;
			buildActionMask = 2147483647;
			dstPath = /usr/share/man/man1/;
			dstSubfolderSpec = 0;
			files = (
			);
			runOnlyForDeploymentPostprocessing = 1;
		};
/* End PBXCopyFilesBuildPhase section */

/* Begin PBXFileReference section */
		CF5E4DFF239D6A2300BD4F4E /* Code Kata 2 */ = {isa = PBXFileReference; explicitFileType = "compiled.mach-o.executable"; includeInIndex = 0; path = "Code Kata 2"; sourceTree = BUILT_PRODUCTS_DIR; };
		CF5E4E02239D6A2300BD4F4E /* main.swift */ = {isa = PBXFileReference; lastKnownFileType = sourcecode.swift; path = main.swift; sourceTree = "<group>"; };
		CF5E4E0F239D6E6A00BD4F4E /* ChopTest.xctest */ = {isa = PBXFileReference; explicitFileType = wrapper.cfbundle; includeInIndex = 0; path = ChopTest.xctest; sourceTree = BUILT_PRODUCTS_DIR; };
		CF5E4E11239D6E6A00BD4F4E /* ChopTest.swift */ = {isa = PBXFileReference; lastKnownFileType = sourcecode.swift; path = ChopTest.swift; sourceTree = "<group>"; };
		CF5E4E13239D6E6A00BD4F4E /* Info.plist */ = {isa = PBXFileReference; lastKnownFileType = text.plist.xml; path = Info.plist; sourceTree = "<group>"; };
		CF5E4E17239D72C700BD4F4E /* chopper.swift */ = {isa = PBXFileReference; lastKnownFileType = sourcecode.swift; path = chopper.swift; sourceTree = "<group>"; };
/* End PBXFileReference section */

/* Begin PBXFrameworksBuildPhase section */
		CF5E4DFC239D6A2300BD4F4E /* Frameworks */ = {
			isa = PBXFrameworksBuildPhase;
			buildActionMask = 2147483647;
			files = (
			);
			runOnlyForDeploymentPostprocessing = 0;
		};
		CF5E4E0C239D6E6A00BD4F4E /* Frameworks */ = {
			isa = PBXFrameworksBuildPhase;
			buildActionMask = 2147483647;
			files = (
			);
			runOnlyForDeploymentPostprocessing = 0;
		};
/* End PBXFrameworksBuildPhase section */

/* Begin PBXGroup section */
		CF5E4DF6239D6A2300BD4F4E = {
			isa = PBXGroup;
			children = (
				CF5E4E01239D6A2300BD4F4E /* Code Kata 2 */,
				CF5E4E10239D6E6A00BD4F4E /* ChopTest */,
				CF5E4E00239D6A2300BD4F4E /* Products */,
			);
			sourceTree = "<group>";
		};
		CF5E4E00239D6A2300BD4F4E /* Products */ = {
			isa = PBXGroup;
			children = (
				CF5E4DFF239D6A2300BD4F4E /* Code Kata 2 */,
				CF5E4E0F239D6E6A00BD4F4E /* ChopTest.xctest */,
			);
			name = Products;
			sourceTree = "<group>";
		};
		CF5E4E01239D6A2300BD4F4E /* Code Kata 2 */ = {
			isa = PBXGroup;
			children = (
				CF5E4E02239D6A2300BD4F4E /* main.swift */,
				CF5E4E17239D72C700BD4F4E /* chopper.swift */,
			);
			path = "Code Kata 2";
			sourceTree = "<group>";
		};
		CF5E4E10239D6E6A00BD4F4E /* ChopTest */ = {
			isa = PBXGroup;
			children = (
				CF5E4E11239D6E6A00BD4F4E /* ChopTest.swift */,
				CF5E4E13239D6E6A00BD4F4E /* Info.plist */,
			);
			path = ChopTest;
			sourceTree = "<group>";
		};
/* End PBXGroup section */

/* Begin PBXNativeTarget section */
		CF5E4DFE239D6A2300BD4F4E /* Code Kata 2 */ = {
			isa = PBXNativeTarget;
			buildConfigurationList = CF5E4E06239D6A2300BD4F4E /* Build configuration list for PBXNativeTarget "Code Kata 2" */;
			buildPhases = (
				CF5E4DFB239D6A2300BD4F4E /* Sources */,
				CF5E4DFC239D6A2300BD4F4E /* Frameworks */,
				CF5E4DFD239D6A2300BD4F4E /* CopyFiles */,
			);
			buildRules = (
			);
			dependencies = (
			);
			name = "Code Kata 2";
			productName = "Code Kata 2";
			productReference = CF5E4DFF239D6A2300BD4F4E /* Code Kata 2 */;
			productType = "com.apple.product-type.tool";
		};
		CF5E4E0E239D6E6A00BD4F4E /* ChopTest */ = {
			isa = PBXNativeTarget;
			buildConfigurationList = CF5E4E14239D6E6A00BD4F4E /* Build configuration list for PBXNativeTarget "ChopTest" */;
			buildPhases = (
				CF5E4E0B239D6E6A00BD4F4E /* Sources */,
				CF5E4E0C239D6E6A00BD4F4E /* Frameworks */,
				CF5E4E0D239D6E6A00BD4F4E /* Resources */,
			);
			buildRules = (
			);
			dependencies = (
			);
			name = ChopTest;
			productName = ChopTest;
			productReference = CF5E4E0F239D6E6A00BD4F4E /* ChopTest.xctest */;
			productType = "com.apple.product-type.bundle.unit-test";
		};
/* End PBXNativeTarget section */

/* Begin PBXProject section */
		CF5E4DF7239D6A2300BD4F4E /* Project object */ = {
			isa = PBXProject;
			attributes = {
				LastSwiftUpdateCheck = 1120;
				LastUpgradeCheck = 1120;
				ORGANIZATIONNAME = "Timo Koola";
				TargetAttributes = {
					CF5E4DFE239D6A2300BD4F4E = {
						CreatedOnToolsVersion = 11.2.1;
					};
					CF5E4E0E239D6E6A00BD4F4E = {
						CreatedOnToolsVersion = 11.2.1;
					};
				};
			};
			buildConfigurationList = CF5E4DFA239D6A2300BD4F4E /* Build configuration list for PBXProject "Code Kata 2" */;
			compatibilityVersion = "Xcode 9.3";
			developmentRegion = en;
			hasScannedForEncodings = 0;
			knownRegions = (
				en,
				Base,
			);
			mainGroup = CF5E4DF6239D6A2300BD4F4E;
			productRefGroup = CF5E4E00239D6A2300BD4F4E /* Products */;
			projectDirPath = "";
			projectRoot = "";
			targets = (
				CF5E4DFE239D6A2300BD4F4E /* Code Kata 2 */,
				CF5E4E0E239D6E6A00BD4F4E /* ChopTest */,
			);
		};
/* End PBXProject section */

/* Begin PBXResourcesBuildPhase section */
		CF5E4E0D239D6E6A00BD4F4E /* Resources */ = {
			isa = PBXResourcesBuildPhase;
			buildActionMask = 2147483647;
			files = (
			);
			runOnlyForDeploymentPostprocessing = 0;
		};
/* End PBXResourcesBuildPhase section */

/* Begin PBXSourcesBuildPhase section */
		CF5E4DFB239D6A2300BD4F4E /* Sources */ = {
			isa = PBXSourcesBuildPhase;
			buildActionMask = 2147483647;
			files = (
				CF5E4E03239D6A2300BD4F4E /* main.swift in Sources */,
				CF5E4E18239D72C700BD4F4E /* chopper.swift in Sources */,
			);
			runOnlyForDeploymentPostprocessing = 0;
		};
		CF5E4E0B239D6E6A00BD4F4E /* Sources */ = {
			isa = PBXSourcesBuildPhase;
			buildActionMask = 2147483647;
			files = (
				CF5E4E12239D6E6A00BD4F4E /* ChopTest.swift in Sources */,
				CF5E4E19239D72C700BD4F4E /* chopper.swift in Sources */,
			);
			runOnlyForDeploymentPostprocessing = 0;
		};
/* End PBXSourcesBuildPhase section */

/* Begin XCBuildConfiguration section */
		CF5E4E04239D6A2300BD4F4E /* Debug */ = {
			isa = XCBuildConfiguration;
			buildSettings = {
				ALWAYS_SEARCH_USER_PATHS = NO;
				CLANG_ANALYZER_NONNULL = YES;
				CLANG_ANALYZER_NUMBER_OBJECT_CONVERSION = YES_AGGRESSIVE;
				CLANG_CXX_LANGUAGE_STANDARD = "gnu++14";
				CLANG_CXX_LIBRARY = "libc++";
				CLANG_ENABLE_MODULES = YES;
				CLANG_ENABLE_OBJC_ARC = YES;
				CLANG_ENABLE_OBJC_WEAK = YES;
				CLANG_WARN_BLOCK_CAPTURE_AUTORELEASING = YES;
				CLANG_WARN_BOOL_CONVERSION = YES;
				CLANG_WARN_COMMA = YES;
				CLANG_WARN_CONSTANT_CONVERSION = YES;
				CLANG_WARN_DEPRECATED_OBJC_IMPLEMENTATIONS = YES;
				CLANG_WARN_DIRECT_OBJC_ISA_USAGE = YES_ERROR;
				CLANG_WARN_DOCUMENTATION_COMMENTS = YES;
				CLANG_WARN_EMPTY_BODY = YES;
				CLANG_WARN_ENUM_CONVERSION = YES;
				CLANG_WARN_INFINITE_RECURSION = YES;
				CLANG_WARN_INT_CONVERSION = YES;
				CLANG_WARN_NON_LITERAL_NULL_CONVERSION = YES;
				CLANG_WARN_OBJC_IMPLICIT_RETAIN_SELF = YES;
				CLANG_WARN_OBJC_LITERAL_CONVERSION = YES;
				CLANG_WARN_OBJC_ROOT_CLASS = YES_ERROR;
				CLANG_WARN_RANGE_LOOP_ANALYSIS = YES;
				CLANG_WARN_STRICT_PROTOTYPES = YES;
				CLANG_WARN_SUSPICIOUS_MOVE = YES;
				CLANG_WARN_UNGUARDED_AVAILABILITY = YES_AGGRESSIVE;
				CLANG_WARN_UNREACHABLE_CODE = YES;
				CLANG_WARN__DUPLICATE_METHOD_MATCH = YES;
				COPY_PHASE_STRIP = NO;
				DEBUG_INFORMATION_FORMAT = dwarf;
				ENABLE_STRICT_OBJC_MSGSEND = YES;
				ENABLE_TESTABILITY = YES;
				GCC_C_LANGUAGE_STANDARD = gnu11;
				GCC_DYNAMIC_NO_PIC = NO;
				GCC_NO_COMMON_BLOCKS = YES;
				GCC_OPTIMIZATION_LEVEL = 0;
				GCC_PREPROCESSOR_DEFINITIONS = (
					"DEBUG=1",
					"$(inherited)",
				);
				GCC_WARN_64_TO_32_BIT_CONVERSION = YES;
				GCC_WARN_ABOUT_RETURN_TYPE = YES_ERROR;
				GCC_WARN_UNDECLARED_SELECTOR = YES;
				GCC_WARN_UNINITIALIZED_AUTOS = YES_AGGRESSIVE;
				GCC_WARN_UNUSED_FUNCTION = YES;
				GCC_WARN_UNUSED_VARIABLE = YES;
				MACOSX_DEPLOYMENT_TARGET = 10.15;
				MTL_ENABLE_DEBUG_INFO = INCLUDE_SOURCE;
				MTL_FAST_MATH = YES;
				ONLY_ACTIVE_ARCH = YES;
				SDKROOT = macosx;
				SWIFT_ACTIVE_COMPILATION_CONDITIONS = DEBUG;
				SWIFT_OPTIMIZATION_LEVEL = "-Onone";
			};
			name = Debug;
		};
		CF5E4E05239D6A2300BD4F4E /* Release */ = {
			isa = XCBuildConfiguration;
			buildSettings = {
				ALWAYS_SEARCH_USER_PATHS = NO;
				CLANG_ANALYZER_NONNULL = YES;
				CLANG_ANALYZER_NUMBER_OBJECT_CONVERSION = YES_AGGRESSIVE;
				CLANG_CXX_LANGUAGE_STANDARD = "gnu++14";
				CLANG_CXX_LIBRARY = "libc++";
				CLANG_ENABLE_MODULES = YES;
				CLANG_ENABLE_OBJC_ARC = YES;
				CLANG_ENABLE_OBJC_WEAK = YES;
				CLANG_WARN_BLOCK_CAPTURE_AUTORELEASING = YES;
				CLANG_WARN_BOOL_CONVERSION = YES;
				CLANG_WARN_COMMA = YES;
				CLANG_WARN_CONSTANT_CONVERSION = YES;
				CLANG_WARN_DEPRECATED_OBJC_IMPLEMENTATIONS = YES;
				CLANG_WARN_DIRECT_OBJC_ISA_USAGE = YES_ERROR;
				CLANG_WARN_DOCUMENTATION_COMMENTS = YES;
				CLANG_WARN_EMPTY_BODY = YES;
				CLANG_WARN_ENUM_CONVERSION = YES;
				CLANG_WARN_INFINITE_RECURSION = YES;
				CLANG_WARN_INT_CONVERSION = YES;
				CLANG_WARN_NON_LITERAL_NULL_CONVERSION = YES;
				CLANG_WARN_OBJC_IMPLICIT_RETAIN_SELF = YES;
				CLANG_WARN_OBJC_LITERAL_CONVERSION = YES;
				CLANG_WARN_OBJC_ROOT_CLASS = YES_ERROR;
				CLANG_WARN_RANGE_LOOP_ANALYSIS = YES;
				CLANG_WARN_STRICT_PROTOTYPES = YES;
				CLANG_WARN_SUSPICIOUS_MOVE = YES;
				CLANG_WARN_UNGUARDED_AVAILABILITY = YES_AGGRESSIVE;
				CLANG_WARN_UNREACHABLE_CODE = YES;
				CLANG_WARN__DUPLICATE_METHOD_MATCH = YES;
				COPY_PHASE_STRIP = NO;
				DEBUG_INFORMATION_FORMAT = "dwarf-with-dsym";
				ENABLE_NS_ASSERTIONS = NO;
				ENABLE_STRICT_OBJC_MSGSEND = YES;
				GCC_C_LANGUAGE_STANDARD = gnu11;
				GCC_NO_COMMON_BLOCKS = YES;
				GCC_WARN_64_TO_32_BIT_CONVERSION = YES;
				GCC_WARN_ABOUT_RETURN_TYPE = YES_ERROR;
				GCC_WARN_UNDECLARED_SELECTOR = YES;
				GCC_WARN_UNINITIALIZED_AUTOS = YES_AGGRESSIVE;
				GCC_WARN_UNUSED_FUNCTION = YES;
				GCC_WARN_UNUSED_VARIABLE = YES;
				MACOSX_DEPLOYMENT_TARGET = 10.15;
				MTL_ENABLE_DEBUG_INFO = NO;
				MTL_FAST_MATH = YES;
				SDKROOT = macosx;
				SWIFT_COMPILATION_MODE = wholemodule;
				SWIFT_OPTIMIZATION_LEVEL = "-O";
			};
			name = Release;
		};
		CF5E4E07239D6A2300BD4F4E /* Debug */ = {
			isa = XCBuildConfiguration;
			buildSettings = {
				CODE_SIGN_STYLE = Automatic;
				PRODUCT_NAME = "$(TARGET_NAME)";
				SWIFT_VERSION = 5.0;
			};
			name = Debug;
		};
		CF5E4E08239D6A2300BD4F4E /* Release */ = {
			isa = XCBuildConfiguration;
			buildSettings = {
				CODE_SIGN_STYLE = Automatic;
				PRODUCT_NAME = "$(TARGET_NAME)";
				SWIFT_VERSION = 5.0;
			};
			name = Release;
		};
		CF5E4E15239D6E6A00BD4F4E /* Debug */ = {
			isa = XCBuildConfiguration;
			buildSettings = {
				CODE_SIGN_STYLE = Automatic;
				COMBINE_HIDPI_IMAGES = YES;
				INFOPLIST_FILE = ChopTest/Info.plist;
				LD_RUNPATH_SEARCH_PATHS = (
					"$(inherited)",
					"@executable_path/../Frameworks",
					"@loader_path/../Frameworks",
				);
				PRODUCT_BUNDLE_IDENTIFIER = com.timokoola.ChopTest;
				PRODUCT_NAME = "$(TARGET_NAME)";
				SWIFT_VERSION = 5.0;
			};
			name = Debug;
		};
		CF5E4E16239D6E6A00BD4F4E /* Release */ = {
			isa = XCBuildConfiguration;
			buildSettings = {
				CODE_SIGN_STYLE = Automatic;
				COMBINE_HIDPI_IMAGES = YES;
				INFOPLIST_FILE = ChopTest/Info.plist;
				LD_RUNPATH_SEARCH_PATHS = (
					"$(inherited)",
					"@executable_path/../Frameworks",
					"@loader_path/../Frameworks",
				);
				PRODUCT_BUNDLE_IDENTIFIER = com.timokoola.ChopTest;
				PRODUCT_NAME = "$(TARGET_NAME)";
				SWIFT_VERSION = 5.0;
			};
			name = Release;
		};
/* End XCBuildConfiguration section */

/* Begin XCConfigurationList section */
		CF5E4DFA239D6A2300BD4F4E /* Build configuration list for PBXProject "Code Kata 2" */ = {
			isa = XCConfigurationList;
			buildConfigurations = (
				CF5E4E04239D6A2300BD4F4E /* Debug */,
				CF5E4E05239D6A2300BD4F4E /* Release */,
			);
			defaultConfigurationIsVisible = 0;
			defaultConfigurationName = Release;
		};
		CF5E4E06239D6A2300BD4F4E /* Build configuration list for PBXNativeTarget "Code Kata 2" */ = {
			isa = XCConfigurationList;
			buildConfigurations = (
				CF5E4E07239D6A2300BD4F4E /* Debug */,
				CF5E4E08239D6A2300BD4F4E /* Release */,
			);
			defaultConfigurationIsVisible = 0;
			defaultConfigurationName = Release;
		};
		CF5E4E14239D6E6A00BD4F4E /* Build configuration list for PBXNativeTarget "ChopTest" */ = {
			isa = XCConfigurationList;
			buildConfigurations = (
				CF5E4E15239D6E6A00BD4F4E /* Debug */,
				CF5E4E16239D6E6A00BD4F4E /* Release */,
			);
			defaultConfigurationIsVisible = 0;
			defaultConfigurationName = Release;
		};
/* End XCConfigurationList section */
	};
	rootObject = CF5E4DF7239D6A2300BD4F4E /* Project object */;
}
